
Microsoft Visual Studio Solution File, Format Version 12.00
# Visual Studio Version 17
VisualStudioVersion = 17.2.32314.265
MinimumVisualStudioVersion = 10.0.40219.1
Project("{8BC9CEB8-8B4A-11D0-8D11-00A0C91BC942}") = "AirbnbGUI", "AirbnbGUI\AirbnbGUI.vcxproj", "{F8523B7A-EB9A-4A8A-B60D-4981AA12DF51}"
EndProject
Global
	GlobalSection(SolutionConfigurationPlatforms) = preSolution
		Debug|x64 = Debug|x64
		Debug|x86 = Debug|x86
		Release|x64 = Release|x64
		Release|x86 = Release|x86
	EndGlobalSection
	GlobalSection(ProjectConfigurationPlatforms) = postSolution
		{F8523B7A-EB9A-4A8A-B60D-4981AA12DF51}.Debug|x64.ActiveCfg = Debug|x64
		{F8523B7A-EB9A-4A8A-B60D-4981AA12DF51}.Debug|x64.Build.0 = Debug|x64
		{F8523B7A-EB9A-4A8A-B60D-4981AA12DF51}.Debug|x86.ActiveCfg = Debug|Win32
		{F8523B7A-EB9A-4A8A-B60D-4981AA12DF51}.Debug|x86.Build.0 = Debug|Win32
		{F8523B7A-EB9A-4A8A-B60D-4981AA12DF51}.Release|x64.ActiveCfg = Release|x64
		{F8523B7A-EB9A-4A8A-B60D-4981AA12DF51}.Release|x64.Build.0 = Release|x64
		{F8523B7A-EB9A-4A8A-B60D-4981AA12DF51}.Release|x86.ActiveCfg = Release|Win32
		{F8523B7A-EB9A-4A8A-B60D-4981AA12DF51}.Release|x86.Build.0 = Release|Win32
	EndGlobalSection
	GlobalSection(SolutionProperties) = preSolution
		HideSolutionNode = FALSE
	EndGlobalSection
	GlobalSection(ExtensibilityGlobals) = postSolution
		SolutionGuid = {0609B672-9680-4E8A-961E-E55F2B5C9F00}
	EndGlobalSection
EndGlobal
